{
  "nodes": {
    "flake-utils": {
      "inputs": {
        "systems": "systems"
      },
      "locked": {
        "lastModified": 1681202837,
        "narHash": "sha256-H+Rh19JDwRtpVPAWp64F+rlEtxUWBAQW28eAi3SRSzg=",
        "owner": "numtide",
        "repo": "flake-utils",
        "rev": "cfacdce06f30d2b68473a46042957675eebb3401",
        "type": "github"
      },
      "original": {
        "owner": "numtide",
        "repo": "flake-utils",
        "type": "github"
      }
    },
    "home-manager": {
      "inputs": {
        "nixpkgs": [
          "nixpkgs"
        ]
      },
      "locked": {
        "lastModified": 1736204492,
        "narHash": "sha256-CoBPRgkUex9Iz6qGSzi/BFVUQjndB0PmME2B6eEyeCs=",
        "owner": "nix-community",
        "repo": "home-manager",
        "rev": "20665c6efa83d71020c8730f26706258ba5c6b2a",
        "type": "github"
      },
      "original": {
        "owner": "nix-community",
        "repo": "home-manager",
        "type": "github"
      }
    },
    "myrepo": {
      "inputs": {
        "nixpkgs": [
          "nixpkgs"
        ]
      },
      "locked": {
        "lastModified": 1734445401,
        "narHash": "sha256-wYDeInIqUlvVDFq5m83vU1QHD/lg0KJHrXjrwL94Xec=",
        "owner": "berton7",
        "repo": "myflake",
        "rev": "2e6e6538166db57f84ef48a447173218a24c8191",
        "type": "github"
      },
      "original": {
        "owner": "berton7",
        "repo": "myflake",
        "type": "github"
      }
    },
    "nixpkgs": {
      "locked": {
        "lastModified": 1736012469,
        "narHash": "sha256-/qlNWm/IEVVH7GfgAIyP6EsVZI6zjAx1cV5zNyrs+rI=",
        "owner": "nixos",
        "repo": "nixpkgs",
        "rev": "8f3e1f807051e32d8c95cd12b9b421623850a34d",
        "type": "github"
      },
      "original": {
        "owner": "nixos",
        "ref": "nixos-unstable",
        "repo": "nixpkgs",
        "type": "github"
      }
    },
    "root": {
      "inputs": {
        "home-manager": "home-manager",
        "myrepo": "myrepo",
        "nixpkgs": "nixpkgs",
        "vscode-server": "vscode-server"
      }
    },
    "systems": {
      "locked": {
        "lastModified": 1681028828,
        "narHash": "sha256-Vy1rq5AaRuLzOxct8nz4T6wlgyUR7zLU309k9mBC768=",
        "owner": "nix-systems",
        "repo": "default",
        "rev": "da67096a3b9bf56a91d16901293e51ba5b49a27e",
        "type": "github"
      },
      "original": {
        "owner": "nix-systems",
        "repo": "default",
        "type": "github"
      }
    },
    "vscode-server": {
      "inputs": {
        "flake-utils": "flake-utils",
        "nixpkgs": [
          "nixpkgs"
        ]
      },
      "locked": {
        "lastModified": 1729422940,
        "narHash": "sha256-DlvJv33ml5UTKgu4b0HauOfFIoDx6QXtbqUF3vWeRCY=",
        "owner": "nix-community",
        "repo": "nixos-vscode-server",
        "rev": "8b6db451de46ecf9b4ab3d01ef76e59957ff549f",
        "type": "github"
      },
      "original": {
        "owner": "nix-community",
        "repo": "nixos-vscode-server",
        "type": "github"
      }
    }
  },
  "root": "root",
  "version": 7
}
